
Microsoft Visual Studio Solution File, Format Version 10.00
# Visual Studio 2008
Project("{8BC9CEB8-8B4A-11D0-8D11-00A0C91BC942}") = "Engine", "Engine\Engine.vcproj", "{C51FE2F7-AFAB-429E-A25E-A8AA39DB3661}"
EndProject
Project("{8BC9CEB8-8B4A-11D0-8D11-00A0C91BC942}") = "prot_gen", "..\framework\win32\prot_gen.vcproj", "{5187C724-8C5C-4E88-9A88-873F3C57DAEB}"
EndProject
Project("{8BC9CEB8-8B4A-11D0-8D11-00A0C91BC942}") = "appbox", "..\framework\win32\appbox.vcproj", "{4AE40DD4-9AF4-41F7-8C4D-979841F13F2D}"
EndProject
Project("{8BC9CEB8-8B4A-11D0-8D11-00A0C91BC942}") = "appbox_lib", "..\framework\win32\appbox_lib.vcproj", "{3AEE38B9-C643-48E5-A58B-7488C259500B}"
EndProject
Project("{8BC9CEB8-8B4A-11D0-8D11-00A0C91BC942}") = "idl_cc", "..\framework\win32\idl_cc.vcproj", "{A48BE179-E123-4E33-976C-DF71E3498C6A}"
EndProject
Project("{2150E333-8FDC-42A3-9474-1A3956D46DE8}") = "base", "base", "{973A971B-22AB-4849-BBF2-98F76C68C452}"
EndProject
Project("{8BC9CEB8-8B4A-11D0-8D11-00A0C91BC942}") = "LuaDBG", "..\luadbg\LuaDBG.vcproj", "{865ACE34-660D-43CD-9ABD-0FE02F456215}"
EndProject
Project("{8BC9CEB8-8B4A-11D0-8D11-00A0C91BC942}") = "SGGame", "SGGame\SGGame.vcproj", "{C6371335-04C3-42DF-9265-0EAA6F321DAF}"
	ProjectSection(ProjectDependencies) = postProject
		{8F2C8BAB-E985-4774-B4B5-F4FC08C9F3CE} = {8F2C8BAB-E985-4774-B4B5-F4FC08C9F3CE}
		{C51FE2F7-AFAB-429E-A25E-A8AA39DB3661} = {C51FE2F7-AFAB-429E-A25E-A8AA39DB3661}
	EndProjectSection
EndProject
Project("{8BC9CEB8-8B4A-11D0-8D11-00A0C91BC942}") = "xpdl", "xpdl\xpdl.vcproj", "{FE966E93-5FE9-4731-9795-2CE707069711}"
EndProject
Project("{8BC9CEB8-8B4A-11D0-8D11-00A0C91BC942}") = "SGClient", "SGClient\SGClient.vcproj", "{256D0291-69AC-4E00-8D8D-485C607A5EE6}"
	ProjectSection(ProjectDependencies) = postProject
		{4EC3B086-755E-4F7B-BD8C-60E88A5DD222} = {4EC3B086-755E-4F7B-BD8C-60E88A5DD222}
		{8F2C8BAB-E985-4774-B4B5-F4FC08C9F3CE} = {8F2C8BAB-E985-4774-B4B5-F4FC08C9F3CE}
		{3AEE38B9-C643-48E5-A58B-7488C259500B} = {3AEE38B9-C643-48E5-A58B-7488C259500B}
		{C51FE2F7-AFAB-429E-A25E-A8AA39DB3661} = {C51FE2F7-AFAB-429E-A25E-A8AA39DB3661}
	EndProjectSection
EndProject
Project("{8BC9CEB8-8B4A-11D0-8D11-00A0C91BC942}") = "SciLexer", "..\framework_dep\scintilla\vcbuild\SciLexer.vcproj", "{4EC3B086-755E-4F7B-BD8C-60E88A5DD222}"
EndProject
Project("{8BC9CEB8-8B4A-11D0-8D11-00A0C91BC942}") = "tolua", "..\framework\win32\tolua.vcproj", "{9AC6EC1D-4E26-4208-9C03-10AFEA83BA43}"
EndProject
Project("{8BC9CEB8-8B4A-11D0-8D11-00A0C91BC942}") = "test_proto_lua", "..\framework\win32\test_proto_lua.vcproj", "{0E7E6E58-6C5C-4F18-B813-EEC518865403}"
EndProject
Project("{8BC9CEB8-8B4A-11D0-8D11-00A0C91BC942}") = "SGCommon", "SGCommon\SGCommon.vcproj", "{8F2C8BAB-E985-4774-B4B5-F4FC08C9F3CE}"
EndProject
Global
	GlobalSection(SolutionConfigurationPlatforms) = preSolution
		Debug|Win32 = Debug|Win32
		Release|Win32 = Release|Win32
	EndGlobalSection
	GlobalSection(ProjectConfigurationPlatforms) = postSolution
		{C51FE2F7-AFAB-429E-A25E-A8AA39DB3661}.Debug|Win32.ActiveCfg = Debug|Win32
		{C51FE2F7-AFAB-429E-A25E-A8AA39DB3661}.Debug|Win32.Build.0 = Debug|Win32
		{C51FE2F7-AFAB-429E-A25E-A8AA39DB3661}.Release|Win32.ActiveCfg = Release|Win32
		{C51FE2F7-AFAB-429E-A25E-A8AA39DB3661}.Release|Win32.Build.0 = Release|Win32
		{5187C724-8C5C-4E88-9A88-873F3C57DAEB}.Debug|Win32.ActiveCfg = Debug|Win32
		{5187C724-8C5C-4E88-9A88-873F3C57DAEB}.Debug|Win32.Build.0 = Debug|Win32
		{5187C724-8C5C-4E88-9A88-873F3C57DAEB}.Release|Win32.ActiveCfg = Release|Win32
		{5187C724-8C5C-4E88-9A88-873F3C57DAEB}.Release|Win32.Build.0 = Release|Win32
		{4AE40DD4-9AF4-41F7-8C4D-979841F13F2D}.Debug|Win32.ActiveCfg = Debug|Win32
		{4AE40DD4-9AF4-41F7-8C4D-979841F13F2D}.Debug|Win32.Build.0 = Debug|Win32
		{4AE40DD4-9AF4-41F7-8C4D-979841F13F2D}.Release|Win32.ActiveCfg = Release|Win32
		{4AE40DD4-9AF4-41F7-8C4D-979841F13F2D}.Release|Win32.Build.0 = Release|Win32
		{3AEE38B9-C643-48E5-A58B-7488C259500B}.Debug|Win32.ActiveCfg = Debug|Win32
		{3AEE38B9-C643-48E5-A58B-7488C259500B}.Debug|Win32.Build.0 = Debug|Win32
		{3AEE38B9-C643-48E5-A58B-7488C259500B}.Release|Win32.ActiveCfg = Release|Win32
		{3AEE38B9-C643-48E5-A58B-7488C259500B}.Release|Win32.Build.0 = Release|Win32
		{A48BE179-E123-4E33-976C-DF71E3498C6A}.Debug|Win32.ActiveCfg = Debug|Win32
		{A48BE179-E123-4E33-976C-DF71E3498C6A}.Debug|Win32.Build.0 = Debug|Win32
		{A48BE179-E123-4E33-976C-DF71E3498C6A}.Release|Win32.ActiveCfg = Release|Win32
		{A48BE179-E123-4E33-976C-DF71E3498C6A}.Release|Win32.Build.0 = Release|Win32
		{865ACE34-660D-43CD-9ABD-0FE02F456215}.Debug|Win32.ActiveCfg = Debug|Win32
		{865ACE34-660D-43CD-9ABD-0FE02F456215}.Debug|Win32.Build.0 = Debug|Win32
		{865ACE34-660D-43CD-9ABD-0FE02F456215}.Release|Win32.ActiveCfg = Release|Win32
		{865ACE34-660D-43CD-9ABD-0FE02F456215}.Release|Win32.Build.0 = Release|Win32
		{C6371335-04C3-42DF-9265-0EAA6F321DAF}.Debug|Win32.ActiveCfg = Debug|Win32
		{C6371335-04C3-42DF-9265-0EAA6F321DAF}.Debug|Win32.Build.0 = Debug|Win32
		{C6371335-04C3-42DF-9265-0EAA6F321DAF}.Release|Win32.ActiveCfg = Release|Win32
		{C6371335-04C3-42DF-9265-0EAA6F321DAF}.Release|Win32.Build.0 = Release|Win32
		{FE966E93-5FE9-4731-9795-2CE707069711}.Debug|Win32.ActiveCfg = Debug|Win32
		{FE966E93-5FE9-4731-9795-2CE707069711}.Debug|Win32.Build.0 = Debug|Win32
		{FE966E93-5FE9-4731-9795-2CE707069711}.Release|Win32.ActiveCfg = Release|Win32
		{FE966E93-5FE9-4731-9795-2CE707069711}.Release|Win32.Build.0 = Release|Win32
		{256D0291-69AC-4E00-8D8D-485C607A5EE6}.Debug|Win32.ActiveCfg = Debug|Win32
		{256D0291-69AC-4E00-8D8D-485C607A5EE6}.Debug|Win32.Build.0 = Debug|Win32
		{256D0291-69AC-4E00-8D8D-485C607A5EE6}.Release|Win32.ActiveCfg = Release|Win32
		{256D0291-69AC-4E00-8D8D-485C607A5EE6}.Release|Win32.Build.0 = Release|Win32
		{4EC3B086-755E-4F7B-BD8C-60E88A5DD222}.Debug|Win32.ActiveCfg = Debug|Win32
		{4EC3B086-755E-4F7B-BD8C-60E88A5DD222}.Debug|Win32.Build.0 = Debug|Win32
		{4EC3B086-755E-4F7B-BD8C-60E88A5DD222}.Release|Win32.ActiveCfg = Release|Win32
		{4EC3B086-755E-4F7B-BD8C-60E88A5DD222}.Release|Win32.Build.0 = Release|Win32
		{9AC6EC1D-4E26-4208-9C03-10AFEA83BA43}.Debug|Win32.ActiveCfg = Debug|Win32
		{9AC6EC1D-4E26-4208-9C03-10AFEA83BA43}.Debug|Win32.Build.0 = Debug|Win32
		{9AC6EC1D-4E26-4208-9C03-10AFEA83BA43}.Release|Win32.ActiveCfg = Release|Win32
		{9AC6EC1D-4E26-4208-9C03-10AFEA83BA43}.Release|Win32.Build.0 = Release|Win32
		{0E7E6E58-6C5C-4F18-B813-EEC518865403}.Debug|Win32.ActiveCfg = Debug|Win32
		{0E7E6E58-6C5C-4F18-B813-EEC518865403}.Debug|Win32.Build.0 = Debug|Win32
		{0E7E6E58-6C5C-4F18-B813-EEC518865403}.Release|Win32.ActiveCfg = Release|Win32
		{0E7E6E58-6C5C-4F18-B813-EEC518865403}.Release|Win32.Build.0 = Release|Win32
		{8F2C8BAB-E985-4774-B4B5-F4FC08C9F3CE}.Debug|Win32.ActiveCfg = Debug|Win32
		{8F2C8BAB-E985-4774-B4B5-F4FC08C9F3CE}.Debug|Win32.Build.0 = Debug|Win32
		{8F2C8BAB-E985-4774-B4B5-F4FC08C9F3CE}.Release|Win32.ActiveCfg = Release|Win32
		{8F2C8BAB-E985-4774-B4B5-F4FC08C9F3CE}.Release|Win32.Build.0 = Release|Win32
	EndGlobalSection
	GlobalSection(SolutionProperties) = preSolution
		HideSolutionNode = FALSE
	EndGlobalSection
	GlobalSection(NestedProjects) = preSolution
		{4AE40DD4-9AF4-41F7-8C4D-979841F13F2D} = {973A971B-22AB-4849-BBF2-98F76C68C452}
		{3AEE38B9-C643-48E5-A58B-7488C259500B} = {973A971B-22AB-4849-BBF2-98F76C68C452}
		{A48BE179-E123-4E33-976C-DF71E3498C6A} = {973A971B-22AB-4849-BBF2-98F76C68C452}
		{5187C724-8C5C-4E88-9A88-873F3C57DAEB} = {973A971B-22AB-4849-BBF2-98F76C68C452}
		{865ACE34-660D-43CD-9ABD-0FE02F456215} = {973A971B-22AB-4849-BBF2-98F76C68C452}
		{4EC3B086-755E-4F7B-BD8C-60E88A5DD222} = {973A971B-22AB-4849-BBF2-98F76C68C452}
		{9AC6EC1D-4E26-4208-9C03-10AFEA83BA43} = {973A971B-22AB-4849-BBF2-98F76C68C452}
		{0E7E6E58-6C5C-4F18-B813-EEC518865403} = {973A971B-22AB-4849-BBF2-98F76C68C452}
	EndGlobalSection
EndGlobal
