
Microsoft Visual Studio Solution File, Format Version 10.00
# Visual Studio 2008
Project("{8BC9CEB8-8B4A-11D0-8D11-00A0C91BC942}") = "Engine", "Engine\Engine.vcproj", "{C51FE2F7-AFAB-429E-A25E-A8AA39DB3661}"
EndProject
Project("{8BC9CEB8-8B4A-11D0-8D11-00A0C91BC942}") = "prot_gen", "..\framework\win32\prot_gen.vcproj", "{5187C724-8C5C-4E88-9A88-873F3C57DAEB}"
EndProject
Project("{8BC9CEB8-8B4A-11D0-8D11-00A0C91BC942}") = "appbox", "..\framework\win32\appbox.vcproj", "{4AE40DD4-9AF4-41F7-8C4D-979841F13F2D}"
EndProject
Project("{8BC9CEB8-8B4A-11D0-8D11-00A0C91BC942}") = "appbox_lib", "..\framework\win32\appbox_lib.vcproj", "{3AEE38B9-C643-48E5-A58B-7488C259500B}"
EndProject
Project("{8BC9CEB8-8B4A-11D0-8D11-00A0C91BC942}") = "idl_cc", "..\framework\win32\idl_cc.vcproj", "{A48BE179-E123-4E33-976C-DF71E3498C6A}"
EndProject
Project("{2150E333-8FDC-42A3-9474-1A3956D46DE8}") = "base", "base", "{973A971B-22AB-4849-BBF2-98F76C68C452}"
EndProject
Project("{8BC9CEB8-8B4A-11D0-8D11-00A0C91BC942}") = "LuaDBG", "..\luadbg\LuaDBG.vcproj", "{865ACE34-660D-43CD-9ABD-0FE02F456215}"
EndProject
Project("{8BC9CEB8-8B4A-11D0-8D11-00A0C91BC942}") = "SciLexer", "..\luadbg\scintilla\vcbuild\SciLexer.vcproj", "{4EC3B086-755E-4F7B-BD8C-60E88A5DD222}"
EndProject
Project("{8BC9CEB8-8B4A-11D0-8D11-00A0C91BC942}") = "SGGame", "SGGame\SGGame.vcproj", "{C6371335-04C3-42DF-9265-0EAA6F321DAF}"
	ProjectSection(ProjectDependencies) = postProject
		{C51FE2F7-AFAB-429E-A25E-A8AA39DB3661} = {C51FE2F7-AFAB-429E-A25E-A8AA39DB3661}
	EndProjectSection
EndProject
Project("{8BC9CEB8-8B4A-11D0-8D11-00A0C91BC942}") = "xpdl", "xpdl\xpdl.vcproj", "{FE966E93-5FE9-4731-9795-2CE707069711}"
EndProject
Project("{8BC9CEB8-8B4A-11D0-8D11-00A0C91BC942}") = "SGClient", "SGClient\SGClient.vcproj", "{920C0775-ED40-4D90-BDED-CD0C7FCFC751}"
	ProjectSection(ProjectDependencies) = postProject
		{3AEE38B9-C643-48E5-A58B-7488C259500B} = {3AEE38B9-C643-48E5-A58B-7488C259500B}
	EndProjectSection
EndProject
Global
	GlobalSection(SolutionConfigurationPlatforms) = preSolution
		Debug|Win32 = Debug|Win32
		Release|Win32 = Release|Win32
	EndGlobalSection
	GlobalSection(ProjectConfigurationPlatforms) = postSolution
		{C51FE2F7-AFAB-429E-A25E-A8AA39DB3661}.Debug|Win32.ActiveCfg = Debug|Win32
		{C51FE2F7-AFAB-429E-A25E-A8AA39DB3661}.Debug|Win32.Build.0 = Debug|Win32
		{C51FE2F7-AFAB-429E-A25E-A8AA39DB3661}.Release|Win32.ActiveCfg = Release|Win32
		{C51FE2F7-AFAB-429E-A25E-A8AA39DB3661}.Release|Win32.Build.0 = Release|Win32
		{5187C724-8C5C-4E88-9A88-873F3C57DAEB}.Debug|Win32.ActiveCfg = Debug|Win32
		{5187C724-8C5C-4E88-9A88-873F3C57DAEB}.Debug|Win32.Build.0 = Debug|Win32
		{5187C724-8C5C-4E88-9A88-873F3C57DAEB}.Release|Win32.ActiveCfg = Release|Win32
		{5187C724-8C5C-4E88-9A88-873F3C57DAEB}.Release|Win32.Build.0 = Release|Win32
		{4AE40DD4-9AF4-41F7-8C4D-979841F13F2D}.Debug|Win32.ActiveCfg = Debug|Win32
		{4AE40DD4-9AF4-41F7-8C4D-979841F13F2D}.Debug|Win32.Build.0 = Debug|Win32
		{4AE40DD4-9AF4-41F7-8C4D-979841F13F2D}.Release|Win32.ActiveCfg = Release|Win32
		{4AE40DD4-9AF4-41F7-8C4D-979841F13F2D}.Release|Win32.Build.0 = Release|Win32
		{3AEE38B9-C643-48E5-A58B-7488C259500B}.Debug|Win32.ActiveCfg = Debug|Win32
		{3AEE38B9-C643-48E5-A58B-7488C259500B}.Debug|Win32.Build.0 = Debug|Win32
		{3AEE38B9-C643-48E5-A58B-7488C259500B}.Release|Win32.ActiveCfg = Release|Win32
		{3AEE38B9-C643-48E5-A58B-7488C259500B}.Release|Win32.Build.0 = Release|Win32
		{A48BE179-E123-4E33-976C-DF71E3498C6A}.Debug|Win32.ActiveCfg = Debug|Win32
		{A48BE179-E123-4E33-976C-DF71E3498C6A}.Debug|Win32.Build.0 = Debug|Win32
		{A48BE179-E123-4E33-976C-DF71E3498C6A}.Release|Win32.ActiveCfg = Release|Win32
		{A48BE179-E123-4E33-976C-DF71E3498C6A}.Release|Win32.Build.0 = Release|Win32
		{865ACE34-660D-43CD-9ABD-0FE02F456215}.Debug|Win32.ActiveCfg = Debug|Win32
		{865ACE34-660D-43CD-9ABD-0FE02F456215}.Debug|Win32.Build.0 = Debug|Win32
		{865ACE34-660D-43CD-9ABD-0FE02F456215}.Release|Win32.ActiveCfg = Release|Win32
		{865ACE34-660D-43CD-9ABD-0FE02F456215}.Release|Win32.Build.0 = Release|Win32
		{4EC3B086-755E-4F7B-BD8C-60E88A5DD222}.Debug|Win32.ActiveCfg = Debug|Win32
		{4EC3B086-755E-4F7B-BD8C-60E88A5DD222}.Debug|Win32.Build.0 = Debug|Win32
		{4EC3B086-755E-4F7B-BD8C-60E88A5DD222}.Release|Win32.ActiveCfg = Release|Win32
		{4EC3B086-755E-4F7B-BD8C-60E88A5DD222}.Release|Win32.Build.0 = Release|Win32
		{C6371335-04C3-42DF-9265-0EAA6F321DAF}.Debug|Win32.ActiveCfg = Debug|Win32
		{C6371335-04C3-42DF-9265-0EAA6F321DAF}.Debug|Win32.Build.0 = Debug|Win32
		{C6371335-04C3-42DF-9265-0EAA6F321DAF}.Release|Win32.ActiveCfg = Release|Win32
		{C6371335-04C3-42DF-9265-0EAA6F321DAF}.Release|Win32.Build.0 = Release|Win32
		{FE966E93-5FE9-4731-9795-2CE707069711}.Debug|Win32.ActiveCfg = Debug|Win32
		{FE966E93-5FE9-4731-9795-2CE707069711}.Debug|Win32.Build.0 = Debug|Win32
		{FE966E93-5FE9-4731-9795-2CE707069711}.Release|Win32.ActiveCfg = Release|Win32
		{FE966E93-5FE9-4731-9795-2CE707069711}.Release|Win32.Build.0 = Release|Win32
		{920C0775-ED40-4D90-BDED-CD0C7FCFC751}.Debug|Win32.ActiveCfg = Debug|Win32
		{920C0775-ED40-4D90-BDED-CD0C7FCFC751}.Debug|Win32.Build.0 = Debug|Win32
		{920C0775-ED40-4D90-BDED-CD0C7FCFC751}.Release|Win32.ActiveCfg = Release|Win32
		{920C0775-ED40-4D90-BDED-CD0C7FCFC751}.Release|Win32.Build.0 = Release|Win32
	EndGlobalSection
	GlobalSection(SolutionProperties) = preSolution
		HideSolutionNode = FALSE
	EndGlobalSection
	GlobalSection(NestedProjects) = preSolution
		{4AE40DD4-9AF4-41F7-8C4D-979841F13F2D} = {973A971B-22AB-4849-BBF2-98F76C68C452}
		{3AEE38B9-C643-48E5-A58B-7488C259500B} = {973A971B-22AB-4849-BBF2-98F76C68C452}
		{A48BE179-E123-4E33-976C-DF71E3498C6A} = {973A971B-22AB-4849-BBF2-98F76C68C452}
		{5187C724-8C5C-4E88-9A88-873F3C57DAEB} = {973A971B-22AB-4849-BBF2-98F76C68C452}
		{865ACE34-660D-43CD-9ABD-0FE02F456215} = {973A971B-22AB-4849-BBF2-98F76C68C452}
		{4EC3B086-755E-4F7B-BD8C-60E88A5DD222} = {973A971B-22AB-4849-BBF2-98F76C68C452}
	EndGlobalSection
EndGlobal
