
Microsoft Visual Studio Solution File, Format Version 10.00
# Visual Studio 2008
Project("{8BC9CEB8-8B4A-11D0-8D11-00A0C91BC942}") = "LuaEdit", "LuaEdit.vcproj", "{865ACE34-660D-43CD-9ABD-0FE02F456215}"
	ProjectSection(ProjectDependencies) = postProject
		{4EC3B086-755E-4F7B-BD8C-60E88A5DD222} = {4EC3B086-755E-4F7B-BD8C-60E88A5DD222}
	EndProjectSection
EndProject
Project("{8BC9CEB8-8B4A-11D0-8D11-00A0C91BC942}") = "SciLexer", "scintilla\vcbuild\SciLexer.vcproj", "{4EC3B086-755E-4F7B-BD8C-60E88A5DD222}"
EndProject
Global
	GlobalSection(SolutionConfigurationPlatforms) = preSolution
		Debug|Win32 = Debug|Win32
		Release|Win32 = Release|Win32
	EndGlobalSection
	GlobalSection(ProjectConfigurationPlatforms) = postSolution
		{865ACE34-660D-43CD-9ABD-0FE02F456215}.Debug|Win32.ActiveCfg = Debug|Win32
		{865ACE34-660D-43CD-9ABD-0FE02F456215}.Debug|Win32.Build.0 = Debug|Win32
		{865ACE34-660D-43CD-9ABD-0FE02F456215}.Release|Win32.ActiveCfg = Release|Win32
		{865ACE34-660D-43CD-9ABD-0FE02F456215}.Release|Win32.Build.0 = Release|Win32
		{4EC3B086-755E-4F7B-BD8C-60E88A5DD222}.Debug|Win32.ActiveCfg = Debug|Win32
		{4EC3B086-755E-4F7B-BD8C-60E88A5DD222}.Debug|Win32.Build.0 = Debug|Win32
		{4EC3B086-755E-4F7B-BD8C-60E88A5DD222}.Release|Win32.ActiveCfg = Release|Win32
		{4EC3B086-755E-4F7B-BD8C-60E88A5DD222}.Release|Win32.Build.0 = Release|Win32
	EndGlobalSection
	GlobalSection(SolutionProperties) = preSolution
		HideSolutionNode = FALSE
	EndGlobalSection
EndGlobal
