
Microsoft Visual Studio Solution File, Format Version 10.00
# Visual Studio 2008
Project("{8BC9CEB8-8B4A-11D0-8D11-00A0C91BC942}") = "LuaEdit", "LuaEdit.vcproj", "{865ACE34-660D-43CD-9ABD-0FE02F456215}"
	ProjectSection(ProjectDependencies) = postProject
		{4EC3B086-755E-4F7B-BD8C-60E88A5DD222} = {4EC3B086-755E-4F7B-BD8C-60E88A5DD222}
	EndProjectSection
EndProject
Project("{8BC9CEB8-8B4A-11D0-8D11-00A0C91BC942}") = "SciLexer", "scintilla\vcbuild\SciLexer.vcproj", "{4EC3B086-755E-4F7B-BD8C-60E88A5DD222}"
EndProject
Project("{8BC9CEB8-8B4A-11D0-8D11-00A0C91BC942}") = "LuaHost", "LuaHost\LuaHost.vcproj", "{64CD565B-37BD-40ED-AC28-0159BBDF12DB}"
EndProject
Project("{8BC9CEB8-8B4A-11D0-8D11-00A0C91BC942}") = "appbox_lib", "..\framework\win32\appbox_lib.vcproj", "{3AEE38B9-C643-48E5-A58B-7488C259500B}"
EndProject
Project("{8BC9CEB8-8B4A-11D0-8D11-00A0C91BC942}") = "lua", "..\framework\win32\lua.vcproj", "{C6FB1CF6-9AE7-4D93-8019-61A860855418}"
EndProject
Project("{8BC9CEB8-8B4A-11D0-8D11-00A0C91BC942}") = "idl_cc", "..\framework\win32\idl_cc.vcproj", "{A48BE179-E123-4E33-976C-DF71E3498C6A}"
EndProject
Project("{8BC9CEB8-8B4A-11D0-8D11-00A0C91BC942}") = "test_proto_lua", "..\framework\win32\test_proto_lua.vcproj", "{0E7E6E58-6C5C-4F18-B813-EEC518865403}"
EndProject
Global
	GlobalSection(SolutionConfigurationPlatforms) = preSolution
		Debug|Win32 = Debug|Win32
		Release|Win32 = Release|Win32
	EndGlobalSection
	GlobalSection(ProjectConfigurationPlatforms) = postSolution
		{865ACE34-660D-43CD-9ABD-0FE02F456215}.Debug|Win32.ActiveCfg = Debug|Win32
		{865ACE34-660D-43CD-9ABD-0FE02F456215}.Debug|Win32.Build.0 = Debug|Win32
		{865ACE34-660D-43CD-9ABD-0FE02F456215}.Release|Win32.ActiveCfg = Release|Win32
		{865ACE34-660D-43CD-9ABD-0FE02F456215}.Release|Win32.Build.0 = Release|Win32
		{4EC3B086-755E-4F7B-BD8C-60E88A5DD222}.Debug|Win32.ActiveCfg = Debug|Win32
		{4EC3B086-755E-4F7B-BD8C-60E88A5DD222}.Debug|Win32.Build.0 = Debug|Win32
		{4EC3B086-755E-4F7B-BD8C-60E88A5DD222}.Release|Win32.ActiveCfg = Release|Win32
		{4EC3B086-755E-4F7B-BD8C-60E88A5DD222}.Release|Win32.Build.0 = Release|Win32
		{64CD565B-37BD-40ED-AC28-0159BBDF12DB}.Debug|Win32.ActiveCfg = Debug|Win32
		{64CD565B-37BD-40ED-AC28-0159BBDF12DB}.Debug|Win32.Build.0 = Debug|Win32
		{64CD565B-37BD-40ED-AC28-0159BBDF12DB}.Release|Win32.ActiveCfg = Release|Win32
		{64CD565B-37BD-40ED-AC28-0159BBDF12DB}.Release|Win32.Build.0 = Release|Win32
		{3AEE38B9-C643-48E5-A58B-7488C259500B}.Debug|Win32.ActiveCfg = Debug|Win32
		{3AEE38B9-C643-48E5-A58B-7488C259500B}.Debug|Win32.Build.0 = Debug|Win32
		{3AEE38B9-C643-48E5-A58B-7488C259500B}.Release|Win32.ActiveCfg = Release|Win32
		{3AEE38B9-C643-48E5-A58B-7488C259500B}.Release|Win32.Build.0 = Release|Win32
		{C6FB1CF6-9AE7-4D93-8019-61A860855418}.Debug|Win32.ActiveCfg = Debug|Win32
		{C6FB1CF6-9AE7-4D93-8019-61A860855418}.Debug|Win32.Build.0 = Debug|Win32
		{C6FB1CF6-9AE7-4D93-8019-61A860855418}.Release|Win32.ActiveCfg = Release|Win32
		{C6FB1CF6-9AE7-4D93-8019-61A860855418}.Release|Win32.Build.0 = Release|Win32
		{A48BE179-E123-4E33-976C-DF71E3498C6A}.Debug|Win32.ActiveCfg = Debug|Win32
		{A48BE179-E123-4E33-976C-DF71E3498C6A}.Debug|Win32.Build.0 = Debug|Win32
		{A48BE179-E123-4E33-976C-DF71E3498C6A}.Release|Win32.ActiveCfg = Release|Win32
		{A48BE179-E123-4E33-976C-DF71E3498C6A}.Release|Win32.Build.0 = Release|Win32
		{0E7E6E58-6C5C-4F18-B813-EEC518865403}.Debug|Win32.ActiveCfg = Debug|Win32
		{0E7E6E58-6C5C-4F18-B813-EEC518865403}.Debug|Win32.Build.0 = Debug|Win32
		{0E7E6E58-6C5C-4F18-B813-EEC518865403}.Release|Win32.ActiveCfg = Release|Win32
		{0E7E6E58-6C5C-4F18-B813-EEC518865403}.Release|Win32.Build.0 = Release|Win32
	EndGlobalSection
	GlobalSection(SolutionProperties) = preSolution
		HideSolutionNode = FALSE
	EndGlobalSection
EndGlobal
